
Microsoft Visual Studio Solution File, Format Version 12.00
# Visual Studio 15
VisualStudioVersion = 15.0.27703.2035
MinimumVisualStudioVersion = 10.0.40219.1
Project("{9A19103F-16F7-4668-BE54-9A1E7A4F7556}") = "IncendiaryAuth.Web", "IncendiaryAuth.Web\IncendiaryAuth.Web.csproj", "{45AFAADF-3FB7-4DC1-ACB5-2E8123F99A2C}"
EndProject
Project("{FAE04EC0-301F-11D3-BF4B-00C04F79EFBC}") = "IncendiaryAuth.Domain", "IncendiaryAuth.Domain\IncendiaryAuth.Domain.csproj", "{FCFCE12B-10CC-4018-9069-0C8BBAEBCEA1}"
EndProject
Project("{FAE04EC0-301F-11D3-BF4B-00C04F79EFBC}") = "IncendiaryAuth.Dal", "IncendiaryAuth.Dal\IncendiaryAuth.Dal.csproj", "{67DD7A93-47C8-4349-9604-C31C40E0D48A}"
EndProject
Project("{FAE04EC0-301F-11D3-BF4B-00C04F79EFBC}") = "IncendiaryAuth.Dal.Abstract", "IncendiaryAuth.Dal.Abstract\IncendiaryAuth.Dal.Abstract.csproj", "{52D40A55-DDBD-4421-BC87-F8D543B03930}"
EndProject
Project("{FAE04EC0-301F-11D3-BF4B-00C04F79EFBC}") = "IncendiaryAuth.Domain.Abstract", "IncendiaryAuth.Domain.Abstract\IncendiaryAuth.Domain.Abstract.csproj", "{39AFEBC6-B59C-4565-B769-89167CA4BA5F}"
EndProject
Global
	GlobalSection(SolutionConfigurationPlatforms) = preSolution
		Debug|Any CPU = Debug|Any CPU
		Release|Any CPU = Release|Any CPU
	EndGlobalSection
	GlobalSection(ProjectConfigurationPlatforms) = postSolution
		{45AFAADF-3FB7-4DC1-ACB5-2E8123F99A2C}.Debug|Any CPU.ActiveCfg = Debug|Any CPU
		{45AFAADF-3FB7-4DC1-ACB5-2E8123F99A2C}.Debug|Any CPU.Build.0 = Debug|Any CPU
		{45AFAADF-3FB7-4DC1-ACB5-2E8123F99A2C}.Release|Any CPU.ActiveCfg = Release|Any CPU
		{45AFAADF-3FB7-4DC1-ACB5-2E8123F99A2C}.Release|Any CPU.Build.0 = Release|Any CPU
		{FCFCE12B-10CC-4018-9069-0C8BBAEBCEA1}.Debug|Any CPU.ActiveCfg = Debug|Any CPU
		{FCFCE12B-10CC-4018-9069-0C8BBAEBCEA1}.Debug|Any CPU.Build.0 = Debug|Any CPU
		{FCFCE12B-10CC-4018-9069-0C8BBAEBCEA1}.Release|Any CPU.ActiveCfg = Release|Any CPU
		{FCFCE12B-10CC-4018-9069-0C8BBAEBCEA1}.Release|Any CPU.Build.0 = Release|Any CPU
		{67DD7A93-47C8-4349-9604-C31C40E0D48A}.Debug|Any CPU.ActiveCfg = Debug|Any CPU
		{67DD7A93-47C8-4349-9604-C31C40E0D48A}.Debug|Any CPU.Build.0 = Debug|Any CPU
		{67DD7A93-47C8-4349-9604-C31C40E0D48A}.Release|Any CPU.ActiveCfg = Release|Any CPU
		{67DD7A93-47C8-4349-9604-C31C40E0D48A}.Release|Any CPU.Build.0 = Release|Any CPU
		{52D40A55-DDBD-4421-BC87-F8D543B03930}.Debug|Any CPU.ActiveCfg = Debug|Any CPU
		{52D40A55-DDBD-4421-BC87-F8D543B03930}.Debug|Any CPU.Build.0 = Debug|Any CPU
		{52D40A55-DDBD-4421-BC87-F8D543B03930}.Release|Any CPU.ActiveCfg = Release|Any CPU
		{52D40A55-DDBD-4421-BC87-F8D543B03930}.Release|Any CPU.Build.0 = Release|Any CPU
		{39AFEBC6-B59C-4565-B769-89167CA4BA5F}.Debug|Any CPU.ActiveCfg = Debug|Any CPU
		{39AFEBC6-B59C-4565-B769-89167CA4BA5F}.Debug|Any CPU.Build.0 = Debug|Any CPU
		{39AFEBC6-B59C-4565-B769-89167CA4BA5F}.Release|Any CPU.ActiveCfg = Release|Any CPU
		{39AFEBC6-B59C-4565-B769-89167CA4BA5F}.Release|Any CPU.Build.0 = Release|Any CPU
	EndGlobalSection
	GlobalSection(SolutionProperties) = preSolution
		HideSolutionNode = FALSE
	EndGlobalSection
	GlobalSection(ExtensibilityGlobals) = postSolution
		SolutionGuid = {47513B74-D022-4164-A572-202166319CB5}
	EndGlobalSection
EndGlobal
